
Microsoft Visual Studio Solution File, Format Version 12.00
# Visual Studio Version 16
VisualStudioVersion = 16.0.30225.117
MinimumVisualStudioVersion = 10.0.40219.1
Project("{FAE04EC0-301F-11D3-BF4B-00C04F79EFBC}") = "movieselector", "movieselector\movieselector.csproj", "{DDD9F710-381E-4E8D-B844-D6C1F2110039}"
EndProject
Global
	GlobalSection(SolutionConfigurationPlatforms) = preSolution
		Debug|Any CPU = Debug|Any CPU
		Release|Any CPU = Release|Any CPU
	EndGlobalSection
	GlobalSection(ProjectConfigurationPlatforms) = postSolution
		{DDD9F710-381E-4E8D-B844-D6C1F2110039}.Debug|Any CPU.ActiveCfg = Debug|Any CPU
		{DDD9F710-381E-4E8D-B844-D6C1F2110039}.Debug|Any CPU.Build.0 = Debug|Any CPU
		{DDD9F710-381E-4E8D-B844-D6C1F2110039}.Release|Any CPU.ActiveCfg = Release|Any CPU
		{DDD9F710-381E-4E8D-B844-D6C1F2110039}.Release|Any CPU.Build.0 = Release|Any CPU
	EndGlobalSection
	GlobalSection(SolutionProperties) = preSolution
		HideSolutionNode = FALSE
	EndGlobalSection
	GlobalSection(ExtensibilityGlobals) = postSolution
		SolutionGuid = {D01782BB-1C95-4F18-B2D6-E3697A35763C}
	EndGlobalSection
EndGlobal
